
Microsoft Visual Studio Solution File, Format Version 12.00
# Visual Studio 14
VisualStudioVersion = 14.0.25420.1
MinimumVisualStudioVersion = 10.0.40219.1
Project("{FAE04EC0-301F-11D3-BF4B-00C04F79EFBC}") = "Vivaldi.Web", "Vivaldi.Web\Vivaldi.Web.csproj", "{F120BA24-85BE-4BB7-AC81-CECE1FF3979F}"
EndProject
Project("{FAE04EC0-301F-11D3-BF4B-00C04F79EFBC}") = "Vivaldi.DataAccess", "Vivaldi.DataAccess\Vivaldi.DataAccess.csproj", "{960B4F80-3677-4758-B301-9E4DC040C57A}"
EndProject
Project("{FAE04EC0-301F-11D3-BF4B-00C04F79EFBC}") = "Vivaldi.Domain", "Vivaldi.Domain\Vivaldi.Domain.csproj", "{D80F6E64-AAB4-4222-B1F1-E19E8BEF96A1}"
EndProject
Project("{FAE04EC0-301F-11D3-BF4B-00C04F79EFBC}") = "Vivaldi.Api", "Vivaldi.Api\Vivaldi.Api.csproj", "{FCB5B61E-D841-4C59-B09F-9470487AC7C0}"
EndProject
Global
	GlobalSection(SolutionConfigurationPlatforms) = preSolution
		Debug|Any CPU = Debug|Any CPU
		Release|Any CPU = Release|Any CPU
	EndGlobalSection
	GlobalSection(ProjectConfigurationPlatforms) = postSolution
		{F120BA24-85BE-4BB7-AC81-CECE1FF3979F}.Debug|Any CPU.ActiveCfg = Debug|Any CPU
		{F120BA24-85BE-4BB7-AC81-CECE1FF3979F}.Debug|Any CPU.Build.0 = Debug|Any CPU
		{F120BA24-85BE-4BB7-AC81-CECE1FF3979F}.Release|Any CPU.ActiveCfg = Release|Any CPU
		{F120BA24-85BE-4BB7-AC81-CECE1FF3979F}.Release|Any CPU.Build.0 = Release|Any CPU
		{960B4F80-3677-4758-B301-9E4DC040C57A}.Debug|Any CPU.ActiveCfg = Debug|Any CPU
		{960B4F80-3677-4758-B301-9E4DC040C57A}.Debug|Any CPU.Build.0 = Debug|Any CPU
		{960B4F80-3677-4758-B301-9E4DC040C57A}.Release|Any CPU.ActiveCfg = Release|Any CPU
		{960B4F80-3677-4758-B301-9E4DC040C57A}.Release|Any CPU.Build.0 = Release|Any CPU
		{D80F6E64-AAB4-4222-B1F1-E19E8BEF96A1}.Debug|Any CPU.ActiveCfg = Debug|Any CPU
		{D80F6E64-AAB4-4222-B1F1-E19E8BEF96A1}.Debug|Any CPU.Build.0 = Debug|Any CPU
		{D80F6E64-AAB4-4222-B1F1-E19E8BEF96A1}.Release|Any CPU.ActiveCfg = Release|Any CPU
		{D80F6E64-AAB4-4222-B1F1-E19E8BEF96A1}.Release|Any CPU.Build.0 = Release|Any CPU
		{FCB5B61E-D841-4C59-B09F-9470487AC7C0}.Debug|Any CPU.ActiveCfg = Debug|Any CPU
		{FCB5B61E-D841-4C59-B09F-9470487AC7C0}.Debug|Any CPU.Build.0 = Debug|Any CPU
		{FCB5B61E-D841-4C59-B09F-9470487AC7C0}.Release|Any CPU.ActiveCfg = Release|Any CPU
		{FCB5B61E-D841-4C59-B09F-9470487AC7C0}.Release|Any CPU.Build.0 = Release|Any CPU
	EndGlobalSection
	GlobalSection(SolutionProperties) = preSolution
		HideSolutionNode = FALSE
	EndGlobalSection
EndGlobal
